// !$*UTF8*$!
{
	archiveVersion = 1;
	classes = {
	};
	objectVersion = 56;
	objects = {

/* Begin PBXBuildFile section */
		540C7EDF2B2CC606009A1DB5 /* ProfileDataFormViewController.swift in Sources */ = {isa = PBXBuildFile; fileRef = 540C7EDE2B2CC606009A1DB5 /* ProfileDataFormViewController.swift */; };
		541D31322B21C71C009D7E85 /* QuizViewController.swift in Sources */ = {isa = PBXBuildFile; fileRef = 541D31312B21C71C009D7E85 /* QuizViewController.swift */; };
		541D31342B21C9CD009D7E85 /* QuizQuestionCell.swift in Sources */ = {isa = PBXBuildFile; fileRef = 541D31332B21C9CD009D7E85 /* QuizQuestionCell.swift */; };
		5443A9492AF50ED900176F6C /* AppDelegate.swift in Sources */ = {isa = PBXBuildFile; fileRef = 5443A9482AF50ED900176F6C /* AppDelegate.swift */; };
		5443A94B2AF50ED900176F6C /* SceneDelegate.swift in Sources */ = {isa = PBXBuildFile; fileRef = 5443A94A2AF50ED900176F6C /* SceneDelegate.swift */; };
		5443A9522AF50EDA00176F6C /* Assets.xcassets in Resources */ = {isa = PBXBuildFile; fileRef = 5443A9512AF50EDA00176F6C /* Assets.xcassets */; };
		5443A9552AF50EDA00176F6C /* LaunchScreen.storyboard in Resources */ = {isa = PBXBuildFile; fileRef = 5443A9532AF50EDA00176F6C /* LaunchScreen.storyboard */; };
		5443A95D2AF50FA900176F6C /* StagesViewCell.swift in Sources */ = {isa = PBXBuildFile; fileRef = 5443A95C2AF50FA900176F6C /* StagesViewCell.swift */; };
		5443A9602AF50FFA00176F6C /* StagesViewController.swift in Sources */ = {isa = PBXBuildFile; fileRef = 5443A95F2AF50FFA00176F6C /* StagesViewController.swift */; };
		544D46322B0221DC00EB49E0 /* StagesHeaderSectionView.swift in Sources */ = {isa = PBXBuildFile; fileRef = 544D46312B0221DC00EB49E0 /* StagesHeaderSectionView.swift */; };
		544D463C2B04F0DD00EB49E0 /* FirebaseAuth in Frameworks */ = {isa = PBXBuildFile; productRef = 544D463B2B04F0DD00EB49E0 /* FirebaseAuth */; };
		544D463E2B04F0DD00EB49E0 /* FirebaseAuthCombine-Community in Frameworks */ = {isa = PBXBuildFile; productRef = 544D463D2B04F0DD00EB49E0 /* FirebaseAuthCombine-Community */; };
		544D46402B04F0DD00EB49E0 /* FirebaseDatabase in Frameworks */ = {isa = PBXBuildFile; productRef = 544D463F2B04F0DD00EB49E0 /* FirebaseDatabase */; };
		544D46422B04F0DD00EB49E0 /* FirebaseDatabaseSwift in Frameworks */ = {isa = PBXBuildFile; productRef = 544D46412B04F0DD00EB49E0 /* FirebaseDatabaseSwift */; };
		544D46442B04F0DD00EB49E0 /* FirebaseFirestore in Frameworks */ = {isa = PBXBuildFile; productRef = 544D46432B04F0DD00EB49E0 /* FirebaseFirestore */; };
		544D46462B04F0DD00EB49E0 /* FirebaseFirestoreCombine-Community in Frameworks */ = {isa = PBXBuildFile; productRef = 544D46452B04F0DD00EB49E0 /* FirebaseFirestoreCombine-Community */; };
		544D46482B04F0DD00EB49E0 /* FirebaseFirestoreSwift in Frameworks */ = {isa = PBXBuildFile; productRef = 544D46472B04F0DD00EB49E0 /* FirebaseFirestoreSwift */; };
		544D464A2B04F0DD00EB49E0 /* FirebaseStorage in Frameworks */ = {isa = PBXBuildFile; productRef = 544D46492B04F0DD00EB49E0 /* FirebaseStorage */; };
		544D464C2B04F0DD00EB49E0 /* FirebaseStorageCombine-Community in Frameworks */ = {isa = PBXBuildFile; productRef = 544D464B2B04F0DD00EB49E0 /* FirebaseStorageCombine-Community */; };
		544D464E2B04F5A100EB49E0 /* GoogleService-Info.plist in Resources */ = {isa = PBXBuildFile; fileRef = 544D464D2B04F5A100EB49E0 /* GoogleService-Info.plist */; };
		544D46512B05278600EB49E0 /* SurdoUser.swift in Sources */ = {isa = PBXBuildFile; fileRef = 544D46502B05278600EB49E0 /* SurdoUser.swift */; };
		544D46542B05287000EB49E0 /* AuthManager.swift in Sources */ = {isa = PBXBuildFile; fileRef = 544D46532B05287000EB49E0 /* AuthManager.swift */; };
		544D46562B05288300EB49E0 /* DatabaseManager.swift in Sources */ = {isa = PBXBuildFile; fileRef = 544D46552B05288300EB49E0 /* DatabaseManager.swift */; };
		544D46582B05288F00EB49E0 /* StorageManager.swift in Sources */ = {isa = PBXBuildFile; fileRef = 544D46572B05288F00EB49E0 /* StorageManager.swift */; };
		544D465B2B066C3100EB49E0 /* ProfileDataFormViewViewModel.swift in Sources */ = {isa = PBXBuildFile; fileRef = 544D465A2B066C3100EB49E0 /* ProfileDataFormViewViewModel.swift */; };
		544D465D2B06707E00EB49E0 /* ProfileViewViewModel.swift in Sources */ = {isa = PBXBuildFile; fileRef = 544D465C2B06707E00EB49E0 /* ProfileViewViewModel.swift */; };
		54584AC22B64EA2100E57219 /* DownloadErrorView.swift in Sources */ = {isa = PBXBuildFile; fileRef = 54584AC12B64EA2100E57219 /* DownloadErrorView.swift */; };
		54584AC42B64EC6700E57219 /* NetworkReachability.swift in Sources */ = {isa = PBXBuildFile; fileRef = 54584AC32B64EC6700E57219 /* NetworkReachability.swift */; };
		54584AC62B64EC9100E57219 /* PrivacyPolicyViewController.swift in Sources */ = {isa = PBXBuildFile; fileRef = 54584AC52B64EC9100E57219 /* PrivacyPolicyViewController.swift */; };
		54584AC82B65255900E57219 /* AchievementsManager.swift in Sources */ = {isa = PBXBuildFile; fileRef = 54584AC72B65255900E57219 /* AchievementsManager.swift */; };
		546199C12B2B413200560D28 /* OnboardingViewController.swift in Sources */ = {isa = PBXBuildFile; fileRef = 546199C02B2B413200560D28 /* OnboardingViewController.swift */; };
		546199C32B2B424500560D28 /* RegisterViewController.swift in Sources */ = {isa = PBXBuildFile; fileRef = 546199C22B2B424500560D28 /* RegisterViewController.swift */; };
		546199C62B2B42A000560D28 /* AuthenticationViewViewModel.swift in Sources */ = {isa = PBXBuildFile; fileRef = 546199C52B2B42A000560D28 /* AuthenticationViewViewModel.swift */; };
		546199C82B2B42FA00560D28 /* LoginViewController.swift in Sources */ = {isa = PBXBuildFile; fileRef = 546199C72B2B42FA00560D28 /* LoginViewController.swift */; };
		546199CA2B2B455400560D28 /* HomeViewViewModel.swift in Sources */ = {isa = PBXBuildFile; fileRef = 546199C92B2B455400560D28 /* HomeViewViewModel.swift */; };
		547FFED02B78BBFA00A65446 /* surdoTests.swift in Sources */ = {isa = PBXBuildFile; fileRef = 547FFECF2B78BBFA00A65446 /* surdoTests.swift */; };
		54882E422BB16F5A00505105 /* integrationTests.swift in Sources */ = {isa = PBXBuildFile; fileRef = 54882E412BB16F5A00505105 /* integrationTests.swift */; };
		5498992E2B5E871B00AFB140 /* LeaderboardViewController.swift in Sources */ = {isa = PBXBuildFile; fileRef = 5498992D2B5E871B00AFB140 /* LeaderboardViewController.swift */; };
		549899302B5EB7C800AFB140 /* LeaderboardViewCell.swift in Sources */ = {isa = PBXBuildFile; fileRef = 5498992F2B5EB7C800AFB140 /* LeaderboardViewCell.swift */; };
		549BC4752AFA96220058FA68 /* SnapKit in Frameworks */ = {isa = PBXBuildFile; productRef = 549BC4742AFA96220058FA68 /* SnapKit */; };
		549BC4772AFCF6F30058FA68 /* LevelAccessManager.swift in Sources */ = {isa = PBXBuildFile; fileRef = 549BC4762AFCF6F30058FA68 /* LevelAccessManager.swift */; };
		549BC47B2AFD2AF70058FA68 /* LetterController.swift in Sources */ = {isa = PBXBuildFile; fileRef = 549BC47A2AFD2AF70058FA68 /* LetterController.swift */; };
		549BC47E2AFD31C40058FA68 /* AppColor.swift in Sources */ = {isa = PBXBuildFile; fileRef = 549BC47D2AFD31C40058FA68 /* AppColor.swift */; };
		549BC4802AFD32000058FA68 /* AppImage.swift in Sources */ = {isa = PBXBuildFile; fileRef = 549BC47F2AFD32000058FA68 /* AppImage.swift */; };
		549BC4822AFD32600058FA68 /* AppFont.swift in Sources */ = {isa = PBXBuildFile; fileRef = 549BC4812AFD32600058FA68 /* AppFont.swift */; };
		549BC4A02AFD436D0058FA68 /* Inter-SemiBold.ttf in Resources */ = {isa = PBXBuildFile; fileRef = 549BC49E2AFD38C40058FA68 /* Inter-SemiBold.ttf */; };
		549BC4A12AFD43700058FA68 /* Inter-Regular.ttf in Resources */ = {isa = PBXBuildFile; fileRef = 549BC49C2AFD38C30058FA68 /* Inter-Regular.ttf */; };
		549BC4A22AFD43730058FA68 /* Inter-Medium.ttf in Resources */ = {isa = PBXBuildFile; fileRef = 549BC49D2AFD38C40058FA68 /* Inter-Medium.ttf */; };
		549BC4A32AFD43750058FA68 /* Inter-Bold.ttf in Resources */ = {isa = PBXBuildFile; fileRef = 549BC49F2AFD38C40058FA68 /* Inter-Bold.ttf */; };
		549BC4A62AFE82B90058FA68 /* MainTabBarViewController.swift in Sources */ = {isa = PBXBuildFile; fileRef = 549BC4A52AFE82B90058FA68 /* MainTabBarViewController.swift */; };
		549BC4A82AFE830A0058FA68 /* TabItem.swift in Sources */ = {isa = PBXBuildFile; fileRef = 549BC4A72AFE830A0058FA68 /* TabItem.swift */; };
		549BC4AA2AFE834A0058FA68 /* CustomTabBar.swift in Sources */ = {isa = PBXBuildFile; fileRef = 549BC4A92AFE834A0058FA68 /* CustomTabBar.swift */; };
		54B7ED3B2B29E9F20064D80C /* AppConstants.swift in Sources */ = {isa = PBXBuildFile; fileRef = 54B7ED3A2B29E9F20064D80C /* AppConstants.swift */; };
		54BE77A62B3D781300800D43 /* PanModal in Frameworks */ = {isa = PBXBuildFile; productRef = 54BE77A52B3D781300800D43 /* PanModal */; };
		54BE77A82B3D787D00800D43 /* FinishedQuizController.swift in Sources */ = {isa = PBXBuildFile; fileRef = 54BE77A72B3D787D00800D43 /* FinishedQuizController.swift */; };
		54C7A8E02B1F55A100B925A9 /* ProfileViewController.swift in Sources */ = {isa = PBXBuildFile; fileRef = 54C7A8DF2B1F55A100B925A9 /* ProfileViewController.swift */; };
		54C7A8E32B1F568F00B925A9 /* SDWebImage in Frameworks */ = {isa = PBXBuildFile; productRef = 54C7A8E22B1F568F00B925A9 /* SDWebImage */; };
		54C7A8E52B1F568F00B925A9 /* SDWebImageMapKit in Frameworks */ = {isa = PBXBuildFile; productRef = 54C7A8E42B1F568F00B925A9 /* SDWebImageMapKit */; };
		54C7A8E72B1F576F00B925A9 /* ProfileTableViewHeader.swift in Sources */ = {isa = PBXBuildFile; fileRef = 54C7A8E62B1F576F00B925A9 /* ProfileTableViewHeader.swift */; };
		54C7A8E92B1F59EE00B925A9 /* AchievementsViewCell.swift in Sources */ = {isa = PBXBuildFile; fileRef = 54C7A8E82B1F59EE00B925A9 /* AchievementsViewCell.swift */; };
		54CFA8A52B3AE32A005C4C98 /* CompletionProgressView.swift in Sources */ = {isa = PBXBuildFile; fileRef = 54CFA8A42B3AE32A005C4C98 /* CompletionProgressView.swift */; };
/* End PBXBuildFile section */

/* Begin PBXContainerItemProxy section */
		547FFED12B78BBFA00A65446 /* PBXContainerItemProxy */ = {
			isa = PBXContainerItemProxy;
			containerPortal = 5443A93D2AF50ED900176F6C /* Project object */;
			proxyType = 1;
			remoteGlobalIDString = 5443A9442AF50ED900176F6C;
			remoteInfo = surdo;
		};
/* End PBXContainerItemProxy section */

/* Begin PBXFileReference section */
		540C7EDE2B2CC606009A1DB5 /* ProfileDataFormViewController.swift */ = {isa = PBXFileReference; lastKnownFileType = sourcecode.swift; path = ProfileDataFormViewController.swift; sourceTree = "<group>"; };
		541D31312B21C71C009D7E85 /* QuizViewController.swift */ = {isa = PBXFileReference; lastKnownFileType = sourcecode.swift; path = QuizViewController.swift; sourceTree = "<group>"; };
		541D31332B21C9CD009D7E85 /* QuizQuestionCell.swift */ = {isa = PBXFileReference; lastKnownFileType = sourcecode.swift; path = QuizQuestionCell.swift; sourceTree = "<group>"; };
		5443A9452AF50ED900176F6C /* surdo.app */ = {isa = PBXFileReference; explicitFileType = wrapper.application; includeInIndex = 0; path = surdo.app; sourceTree = BUILT_PRODUCTS_DIR; };
		5443A9482AF50ED900176F6C /* AppDelegate.swift */ = {isa = PBXFileReference; lastKnownFileType = sourcecode.swift; path = AppDelegate.swift; sourceTree = "<group>"; };
		5443A94A2AF50ED900176F6C /* SceneDelegate.swift */ = {isa = PBXFileReference; lastKnownFileType = sourcecode.swift; path = SceneDelegate.swift; sourceTree = "<group>"; };
		5443A9512AF50EDA00176F6C /* Assets.xcassets */ = {isa = PBXFileReference; lastKnownFileType = folder.assetcatalog; path = Assets.xcassets; sourceTree = "<group>"; };
		5443A9542AF50EDA00176F6C /* Base */ = {isa = PBXFileReference; lastKnownFileType = file.storyboard; name = Base; path = Base.lproj/LaunchScreen.storyboard; sourceTree = "<group>"; };
		5443A9562AF50EDA00176F6C /* Info.plist */ = {isa = PBXFileReference; lastKnownFileType = text.plist.xml; path = Info.plist; sourceTree = "<group>"; };
		5443A95C2AF50FA900176F6C /* StagesViewCell.swift */ = {isa = PBXFileReference; lastKnownFileType = sourcecode.swift; path = StagesViewCell.swift; sourceTree = "<group>"; };
		5443A95F2AF50FFA00176F6C /* StagesViewController.swift */ = {isa = PBXFileReference; lastKnownFileType = sourcecode.swift; path = StagesViewController.swift; sourceTree = "<group>"; };
		544D46312B0221DC00EB49E0 /* StagesHeaderSectionView.swift */ = {isa = PBXFileReference; lastKnownFileType = sourcecode.swift; path = StagesHeaderSectionView.swift; sourceTree = "<group>"; };
		544D464D2B04F5A100EB49E0 /* GoogleService-Info.plist */ = {isa = PBXFileReference; fileEncoding = 4; lastKnownFileType = text.plist.xml; path = "GoogleService-Info.plist"; sourceTree = "<group>"; };
		544D46502B05278600EB49E0 /* SurdoUser.swift */ = {isa = PBXFileReference; lastKnownFileType = sourcecode.swift; path = SurdoUser.swift; sourceTree = "<group>"; };
		544D46532B05287000EB49E0 /* AuthManager.swift */ = {isa = PBXFileReference; lastKnownFileType = sourcecode.swift; path = AuthManager.swift; sourceTree = "<group>"; };
		544D46552B05288300EB49E0 /* DatabaseManager.swift */ = {isa = PBXFileReference; lastKnownFileType = sourcecode.swift; path = DatabaseManager.swift; sourceTree = "<group>"; };
		544D46572B05288F00EB49E0 /* StorageManager.swift */ = {isa = PBXFileReference; lastKnownFileType = sourcecode.swift; path = StorageManager.swift; sourceTree = "<group>"; };
		544D465A2B066C3100EB49E0 /* ProfileDataFormViewViewModel.swift */ = {isa = PBXFileReference; lastKnownFileType = sourcecode.swift; path = ProfileDataFormViewViewModel.swift; sourceTree = "<group>"; };
		544D465C2B06707E00EB49E0 /* ProfileViewViewModel.swift */ = {isa = PBXFileReference; lastKnownFileType = sourcecode.swift; path = ProfileViewViewModel.swift; sourceTree = "<group>"; };
		54584AC12B64EA2100E57219 /* DownloadErrorView.swift */ = {isa = PBXFileReference; lastKnownFileType = sourcecode.swift; path = DownloadErrorView.swift; sourceTree = "<group>"; };
		54584AC32B64EC6700E57219 /* NetworkReachability.swift */ = {isa = PBXFileReference; lastKnownFileType = sourcecode.swift; path = NetworkReachability.swift; sourceTree = "<group>"; };
		54584AC52B64EC9100E57219 /* PrivacyPolicyViewController.swift */ = {isa = PBXFileReference; lastKnownFileType = sourcecode.swift; path = PrivacyPolicyViewController.swift; sourceTree = "<group>"; };
		54584AC72B65255900E57219 /* AchievementsManager.swift */ = {isa = PBXFileReference; lastKnownFileType = sourcecode.swift; path = AchievementsManager.swift; sourceTree = "<group>"; };
		546199C02B2B413200560D28 /* OnboardingViewController.swift */ = {isa = PBXFileReference; lastKnownFileType = sourcecode.swift; path = OnboardingViewController.swift; sourceTree = "<group>"; };
		546199C22B2B424500560D28 /* RegisterViewController.swift */ = {isa = PBXFileReference; lastKnownFileType = sourcecode.swift; path = RegisterViewController.swift; sourceTree = "<group>"; };
		546199C52B2B42A000560D28 /* AuthenticationViewViewModel.swift */ = {isa = PBXFileReference; lastKnownFileType = sourcecode.swift; path = AuthenticationViewViewModel.swift; sourceTree = "<group>"; };
		546199C72B2B42FA00560D28 /* LoginViewController.swift */ = {isa = PBXFileReference; lastKnownFileType = sourcecode.swift; path = LoginViewController.swift; sourceTree = "<group>"; };
		546199C92B2B455400560D28 /* HomeViewViewModel.swift */ = {isa = PBXFileReference; lastKnownFileType = sourcecode.swift; path = HomeViewViewModel.swift; sourceTree = "<group>"; };
		547FFECD2B78BBFA00A65446 /* surdoTests.xctest */ = {isa = PBXFileReference; explicitFileType = wrapper.cfbundle; includeInIndex = 0; path = surdoTests.xctest; sourceTree = BUILT_PRODUCTS_DIR; };
		547FFECF2B78BBFA00A65446 /* surdoTests.swift */ = {isa = PBXFileReference; lastKnownFileType = sourcecode.swift; path = surdoTests.swift; sourceTree = "<group>"; };
		54882E412BB16F5A00505105 /* integrationTests.swift */ = {isa = PBXFileReference; lastKnownFileType = sourcecode.swift; path = integrationTests.swift; sourceTree = "<group>"; };
		5498992D2B5E871B00AFB140 /* LeaderboardViewController.swift */ = {isa = PBXFileReference; lastKnownFileType = sourcecode.swift; path = LeaderboardViewController.swift; sourceTree = "<group>"; };
		5498992F2B5EB7C800AFB140 /* LeaderboardViewCell.swift */ = {isa = PBXFileReference; lastKnownFileType = sourcecode.swift; path = LeaderboardViewCell.swift; sourceTree = "<group>"; };
		549BC4762AFCF6F30058FA68 /* LevelAccessManager.swift */ = {isa = PBXFileReference; lastKnownFileType = sourcecode.swift; path = LevelAccessManager.swift; sourceTree = "<group>"; };
		549BC47A2AFD2AF70058FA68 /* LetterController.swift */ = {isa = PBXFileReference; lastKnownFileType = sourcecode.swift; path = LetterController.swift; sourceTree = "<group>"; };
		549BC47D2AFD31C40058FA68 /* AppColor.swift */ = {isa = PBXFileReference; lastKnownFileType = sourcecode.swift; path = AppColor.swift; sourceTree = "<group>"; };
		549BC47F2AFD32000058FA68 /* AppImage.swift */ = {isa = PBXFileReference; lastKnownFileType = sourcecode.swift; path = AppImage.swift; sourceTree = "<group>"; };
		549BC4812AFD32600058FA68 /* AppFont.swift */ = {isa = PBXFileReference; lastKnownFileType = sourcecode.swift; path = AppFont.swift; sourceTree = "<group>"; };
		549BC49C2AFD38C30058FA68 /* Inter-Regular.ttf */ = {isa = PBXFileReference; lastKnownFileType = file; path = "Inter-Regular.ttf"; sourceTree = "<group>"; };
		549BC49D2AFD38C40058FA68 /* Inter-Medium.ttf */ = {isa = PBXFileReference; lastKnownFileType = file; path = "Inter-Medium.ttf"; sourceTree = "<group>"; };
		549BC49E2AFD38C40058FA68 /* Inter-SemiBold.ttf */ = {isa = PBXFileReference; lastKnownFileType = file; path = "Inter-SemiBold.ttf"; sourceTree = "<group>"; };
		549BC49F2AFD38C40058FA68 /* Inter-Bold.ttf */ = {isa = PBXFileReference; lastKnownFileType = file; path = "Inter-Bold.ttf"; sourceTree = "<group>"; };
		549BC4A52AFE82B90058FA68 /* MainTabBarViewController.swift */ = {isa = PBXFileReference; lastKnownFileType = sourcecode.swift; path = MainTabBarViewController.swift; sourceTree = "<group>"; };
		549BC4A72AFE830A0058FA68 /* TabItem.swift */ = {isa = PBXFileReference; lastKnownFileType = sourcecode.swift; path = TabItem.swift; sourceTree = "<group>"; };
		549BC4A92AFE834A0058FA68 /* CustomTabBar.swift */ = {isa = PBXFileReference; lastKnownFileType = sourcecode.swift; path = CustomTabBar.swift; sourceTree = "<group>"; };
		54B7ED3A2B29E9F20064D80C /* AppConstants.swift */ = {isa = PBXFileReference; lastKnownFileType = sourcecode.swift; path = AppConstants.swift; sourceTree = "<group>"; };
		54BE77A72B3D787D00800D43 /* FinishedQuizController.swift */ = {isa = PBXFileReference; lastKnownFileType = sourcecode.swift; path = FinishedQuizController.swift; sourceTree = "<group>"; };
		54C7A8DF2B1F55A100B925A9 /* ProfileViewController.swift */ = {isa = PBXFileReference; lastKnownFileType = sourcecode.swift; path = ProfileViewController.swift; sourceTree = "<group>"; };
		54C7A8E62B1F576F00B925A9 /* ProfileTableViewHeader.swift */ = {isa = PBXFileReference; lastKnownFileType = sourcecode.swift; path = ProfileTableViewHeader.swift; sourceTree = "<group>"; };
		54C7A8E82B1F59EE00B925A9 /* AchievementsViewCell.swift */ = {isa = PBXFileReference; lastKnownFileType = sourcecode.swift; path = AchievementsViewCell.swift; sourceTree = "<group>"; };
		54CFA8A42B3AE32A005C4C98 /* CompletionProgressView.swift */ = {isa = PBXFileReference; lastKnownFileType = sourcecode.swift; path = CompletionProgressView.swift; sourceTree = "<group>"; };
/* End PBXFileReference section */

/* Begin PBXFrameworksBuildPhase section */
		5443A9422AF50ED900176F6C /* Frameworks */ = {
			isa = PBXFrameworksBuildPhase;
			buildActionMask = 2147483647;
			files = (
				544D46422B04F0DD00EB49E0 /* FirebaseDatabaseSwift in Frameworks */,
				549BC4752AFA96220058FA68 /* SnapKit in Frameworks */,
				54BE77A62B3D781300800D43 /* PanModal in Frameworks */,
				544D464C2B04F0DD00EB49E0 /* FirebaseStorageCombine-Community in Frameworks */,
				544D464A2B04F0DD00EB49E0 /* FirebaseStorage in Frameworks */,
				544D463E2B04F0DD00EB49E0 /* FirebaseAuthCombine-Community in Frameworks */,
				544D46402B04F0DD00EB49E0 /* FirebaseDatabase in Frameworks */,
				544D463C2B04F0DD00EB49E0 /* FirebaseAuth in Frameworks */,
				544D46442B04F0DD00EB49E0 /* FirebaseFirestore in Frameworks */,
				54C7A8E32B1F568F00B925A9 /* SDWebImage in Frameworks */,
				544D46462B04F0DD00EB49E0 /* FirebaseFirestoreCombine-Community in Frameworks */,
				54C7A8E52B1F568F00B925A9 /* SDWebImageMapKit in Frameworks */,
				544D46482B04F0DD00EB49E0 /* FirebaseFirestoreSwift in Frameworks */,
			);
			runOnlyForDeploymentPostprocessing = 0;
		};
		547FFECA2B78BBFA00A65446 /* Frameworks */ = {
			isa = PBXFrameworksBuildPhase;
			buildActionMask = 2147483647;
			files = (
			);
			runOnlyForDeploymentPostprocessing = 0;
		};
/* End PBXFrameworksBuildPhase section */

/* Begin PBXGroup section */
		541D31302B21C702009D7E85 /* Quiz */ = {
			isa = PBXGroup;
			children = (
				541D31312B21C71C009D7E85 /* QuizViewController.swift */,
				541D31332B21C9CD009D7E85 /* QuizQuestionCell.swift */,
				54BE77A72B3D787D00800D43 /* FinishedQuizController.swift */,
			);
			path = Quiz;
			sourceTree = "<group>";
		};
		5443A93C2AF50ED900176F6C = {
			isa = PBXGroup;
			children = (
				5443A9472AF50ED900176F6C /* surdo */,
				547FFECE2B78BBFA00A65446 /* surdoTests */,
				5443A9462AF50ED900176F6C /* Products */,
			);
			sourceTree = "<group>";
		};
		5443A9462AF50ED900176F6C /* Products */ = {
			isa = PBXGroup;
			children = (
				5443A9452AF50ED900176F6C /* surdo.app */,
				547FFECD2B78BBFA00A65446 /* surdoTests.xctest */,
			);
			name = Products;
			sourceTree = "<group>";
		};
		5443A9472AF50ED900176F6C /* surdo */ = {
			isa = PBXGroup;
			children = (
				544D464F2B05277800EB49E0 /* Models */,
				546199C42B2B428700560D28 /* ViewModel */,
				546199BF2B2B40ED00560D28 /* Onboarding */,
				5498992C2B5E86F600AFB140 /* Leaderboard */,
				541D31302B21C702009D7E85 /* Quiz */,
				544D46592B066C0E00EB49E0 /* Profile */,
				544D46522B05285500EB49E0 /* Managers */,
				544D46372B04EF7100EB49E0 /* App Resources */,
				549BC4A42AFE829F0058FA68 /* Tab Bar */,
				549BC4782AFD2AD20058FA68 /* Letters */,
				5443A95E2AF50FB700176F6C /* Stages */,
				549BC47C2AFD31970058FA68 /* UI Resources */,
			);
			path = surdo;
			sourceTree = "<group>";
		};
		5443A95E2AF50FB700176F6C /* Stages */ = {
			isa = PBXGroup;
			children = (
				5443A95C2AF50FA900176F6C /* StagesViewCell.swift */,
				5443A95F2AF50FFA00176F6C /* StagesViewController.swift */,
				544D46312B0221DC00EB49E0 /* StagesHeaderSectionView.swift */,
				54CFA8A42B3AE32A005C4C98 /* CompletionProgressView.swift */,
			);
			path = Stages;
			sourceTree = "<group>";
		};
		544D46372B04EF7100EB49E0 /* App Resources */ = {
			isa = PBXGroup;
			children = (
				5443A9562AF50EDA00176F6C /* Info.plist */,
				5443A9482AF50ED900176F6C /* AppDelegate.swift */,
				5443A94A2AF50ED900176F6C /* SceneDelegate.swift */,
				5443A9512AF50EDA00176F6C /* Assets.xcassets */,
				5443A9532AF50EDA00176F6C /* LaunchScreen.storyboard */,
				544D464D2B04F5A100EB49E0 /* GoogleService-Info.plist */,
			);
			path = "App Resources";
			sourceTree = "<group>";
		};
		544D464F2B05277800EB49E0 /* Models */ = {
			isa = PBXGroup;
			children = (
				549BC4762AFCF6F30058FA68 /* LevelAccessManager.swift */,
				544D46502B05278600EB49E0 /* SurdoUser.swift */,
				54B7ED3A2B29E9F20064D80C /* AppConstants.swift */,
				54584AC72B65255900E57219 /* AchievementsManager.swift */,
			);
			path = Models;
			sourceTree = "<group>";
		};
		544D46522B05285500EB49E0 /* Managers */ = {
			isa = PBXGroup;
			children = (
				544D46532B05287000EB49E0 /* AuthManager.swift */,
				544D46552B05288300EB49E0 /* DatabaseManager.swift */,
				544D46572B05288F00EB49E0 /* StorageManager.swift */,
			);
			path = Managers;
			sourceTree = "<group>";
		};
		544D46592B066C0E00EB49E0 /* Profile */ = {
			isa = PBXGroup;
			children = (
				54584AC02B64E97400E57219 /* PrivacyPolicy */,
				54C7A8DF2B1F55A100B925A9 /* ProfileViewController.swift */,
				54C7A8E62B1F576F00B925A9 /* ProfileTableViewHeader.swift */,
				54C7A8E82B1F59EE00B925A9 /* AchievementsViewCell.swift */,
			);
			path = Profile;
			sourceTree = "<group>";
		};
		54584AC02B64E97400E57219 /* PrivacyPolicy */ = {
			isa = PBXGroup;
			children = (
				54584AC12B64EA2100E57219 /* DownloadErrorView.swift */,
				54584AC32B64EC6700E57219 /* NetworkReachability.swift */,
				54584AC52B64EC9100E57219 /* PrivacyPolicyViewController.swift */,
			);
			path = PrivacyPolicy;
			sourceTree = "<group>";
		};
		546199BF2B2B40ED00560D28 /* Onboarding */ = {
			isa = PBXGroup;
			children = (
				546199C02B2B413200560D28 /* OnboardingViewController.swift */,
				546199C22B2B424500560D28 /* RegisterViewController.swift */,
				546199C72B2B42FA00560D28 /* LoginViewController.swift */,
				540C7EDE2B2CC606009A1DB5 /* ProfileDataFormViewController.swift */,
			);
			path = Onboarding;
			sourceTree = "<group>";
		};
		546199C42B2B428700560D28 /* ViewModel */ = {
			isa = PBXGroup;
			children = (
				546199C52B2B42A000560D28 /* AuthenticationViewViewModel.swift */,
				544D465C2B06707E00EB49E0 /* ProfileViewViewModel.swift */,
				546199C92B2B455400560D28 /* HomeViewViewModel.swift */,
				544D465A2B066C3100EB49E0 /* ProfileDataFormViewViewModel.swift */,
			);
			path = ViewModel;
			sourceTree = "<group>";
		};
		547FFECE2B78BBFA00A65446 /* surdoTests */ = {
			isa = PBXGroup;
			children = (
				547FFECF2B78BBFA00A65446 /* surdoTests.swift */,
				54882E412BB16F5A00505105 /* integrationTests.swift */,
			);
			path = surdoTests;
			sourceTree = "<group>";
		};
		5498992C2B5E86F600AFB140 /* Leaderboard */ = {
			isa = PBXGroup;
			children = (
				5498992D2B5E871B00AFB140 /* LeaderboardViewController.swift */,
				5498992F2B5EB7C800AFB140 /* LeaderboardViewCell.swift */,
			);
			path = Leaderboard;
			sourceTree = "<group>";
		};
		549BC4782AFD2AD20058FA68 /* Letters */ = {
			isa = PBXGroup;
			children = (
				549BC47A2AFD2AF70058FA68 /* LetterController.swift */,
			);
			path = Letters;
			sourceTree = "<group>";
		};
		549BC47C2AFD31970058FA68 /* UI Resources */ = {
			isa = PBXGroup;
			children = (
				549BC4982AFD37540058FA68 /* Fonts */,
				549BC47D2AFD31C40058FA68 /* AppColor.swift */,
				549BC47F2AFD32000058FA68 /* AppImage.swift */,
				549BC4812AFD32600058FA68 /* AppFont.swift */,
			);
			path = "UI Resources";
			sourceTree = "<group>";
		};
		549BC4982AFD37540058FA68 /* Fonts */ = {
			isa = PBXGroup;
			children = (
				549BC49F2AFD38C40058FA68 /* Inter-Bold.ttf */,
				549BC49D2AFD38C40058FA68 /* Inter-Medium.ttf */,
				549BC49C2AFD38C30058FA68 /* Inter-Regular.ttf */,
				549BC49E2AFD38C40058FA68 /* Inter-SemiBold.ttf */,
			);
			path = Fonts;
			sourceTree = "<group>";
		};
		549BC4A42AFE829F0058FA68 /* Tab Bar */ = {
			isa = PBXGroup;
			children = (
				549BC4A52AFE82B90058FA68 /* MainTabBarViewController.swift */,
				549BC4A72AFE830A0058FA68 /* TabItem.swift */,
				549BC4A92AFE834A0058FA68 /* CustomTabBar.swift */,
			);
			path = "Tab Bar";
			sourceTree = "<group>";
		};
/* End PBXGroup section */

/* Begin PBXNativeTarget section */
		5443A9442AF50ED900176F6C /* surdo */ = {
			isa = PBXNativeTarget;
			buildConfigurationList = 5443A9592AF50EDA00176F6C /* Build configuration list for PBXNativeTarget "surdo" */;
			buildPhases = (
				5443A9412AF50ED900176F6C /* Sources */,
				5443A9422AF50ED900176F6C /* Frameworks */,
				5443A9432AF50ED900176F6C /* Resources */,
				54C7A8EA2B1F8F1B00B925A9 /* ShellScript */,
			);
			buildRules = (
			);
			dependencies = (
			);
			name = surdo;
			packageProductDependencies = (
				549BC4742AFA96220058FA68 /* SnapKit */,
				544D463B2B04F0DD00EB49E0 /* FirebaseAuth */,
				544D463D2B04F0DD00EB49E0 /* FirebaseAuthCombine-Community */,
				544D463F2B04F0DD00EB49E0 /* FirebaseDatabase */,
				544D46412B04F0DD00EB49E0 /* FirebaseDatabaseSwift */,
				544D46432B04F0DD00EB49E0 /* FirebaseFirestore */,
				544D46452B04F0DD00EB49E0 /* FirebaseFirestoreCombine-Community */,
				544D46472B04F0DD00EB49E0 /* FirebaseFirestoreSwift */,
				544D46492B04F0DD00EB49E0 /* FirebaseStorage */,
				544D464B2B04F0DD00EB49E0 /* FirebaseStorageCombine-Community */,
				54C7A8E22B1F568F00B925A9 /* SDWebImage */,
				54C7A8E42B1F568F00B925A9 /* SDWebImageMapKit */,
				54BE77A52B3D781300800D43 /* PanModal */,
			);
			productName = surdo;
			productReference = 5443A9452AF50ED900176F6C /* surdo.app */;
			productType = "com.apple.product-type.application";
		};
		547FFECC2B78BBFA00A65446 /* surdoTests */ = {
			isa = PBXNativeTarget;
			buildConfigurationList = 547FFED32B78BBFA00A65446 /* Build configuration list for PBXNativeTarget "surdoTests" */;
			buildPhases = (
				547FFEC92B78BBFA00A65446 /* Sources */,
				547FFECA2B78BBFA00A65446 /* Frameworks */,
				547FFECB2B78BBFA00A65446 /* Resources */,
			);
			buildRules = (
			);
			dependencies = (
				547FFED22B78BBFA00A65446 /* PBXTargetDependency */,
			);
			name = surdoTests;
			productName = surdoTests;
			productReference = 547FFECD2B78BBFA00A65446 /* surdoTests.xctest */;
			productType = "com.apple.product-type.bundle.unit-test";
		};
/* End PBXNativeTarget section */

/* Begin PBXProject section */
		5443A93D2AF50ED900176F6C /* Project object */ = {
			isa = PBXProject;
			attributes = {
				BuildIndependentTargetsInParallel = 1;
				LastSwiftUpdateCheck = 1520;
				LastUpgradeCheck = 1530;
				TargetAttributes = {
					5443A9442AF50ED900176F6C = {
						CreatedOnToolsVersion = 14.3.1;
					};
					547FFECC2B78BBFA00A65446 = {
						CreatedOnToolsVersion = 15.2;
						TestTargetID = 5443A9442AF50ED900176F6C;
					};
				};
			};
			buildConfigurationList = 5443A9402AF50ED900176F6C /* Build configuration list for PBXProject "surdo" */;
			compatibilityVersion = "Xcode 14.0";
			developmentRegion = en;
			hasScannedForEncodings = 0;
			knownRegions = (
				en,
				Base,
			);
			mainGroup = 5443A93C2AF50ED900176F6C;
			packageReferences = (
				549BC4732AFA96220058FA68 /* XCRemoteSwiftPackageReference "SnapKit" */,
				544D463A2B04F0DD00EB49E0 /* XCRemoteSwiftPackageReference "firebase-ios-sdk" */,
				54C7A8E12B1F568F00B925A9 /* XCRemoteSwiftPackageReference "SDWebImage" */,
				54BE77A42B3D781300800D43 /* XCRemoteSwiftPackageReference "PanModal" */,
			);
			productRefGroup = 5443A9462AF50ED900176F6C /* Products */;
			projectDirPath = "";
			projectRoot = "";
			targets = (
				5443A9442AF50ED900176F6C /* surdo */,
				547FFECC2B78BBFA00A65446 /* surdoTests */,
			);
		};
/* End PBXProject section */

/* Begin PBXResourcesBuildPhase section */
		5443A9432AF50ED900176F6C /* Resources */ = {
			isa = PBXResourcesBuildPhase;
			buildActionMask = 2147483647;
			files = (
				549BC4A32AFD43750058FA68 /* Inter-Bold.ttf in Resources */,
				549BC4A02AFD436D0058FA68 /* Inter-SemiBold.ttf in Resources */,
				5443A9552AF50EDA00176F6C /* LaunchScreen.storyboard in Resources */,
				549BC4A12AFD43700058FA68 /* Inter-Regular.ttf in Resources */,
				549BC4A22AFD43730058FA68 /* Inter-Medium.ttf in Resources */,
				5443A9522AF50EDA00176F6C /* Assets.xcassets in Resources */,
				544D464E2B04F5A100EB49E0 /* GoogleService-Info.plist in Resources */,
			);
			runOnlyForDeploymentPostprocessing = 0;
		};
		547FFECB2B78BBFA00A65446 /* Resources */ = {
			isa = PBXResourcesBuildPhase;
			buildActionMask = 2147483647;
			files = (
			);
			runOnlyForDeploymentPostprocessing = 0;
		};
/* End PBXResourcesBuildPhase section */

/* Begin PBXShellScriptBuildPhase section */
		54C7A8EA2B1F8F1B00B925A9 /* ShellScript */ = {
			isa = PBXShellScriptBuildPhase;
			alwaysOutOfDate = 1;
			buildActionMask = 2147483647;
			files = (
			);
			inputFileListPaths = (
			);
			inputPaths = (
			);
			outputFileListPaths = (
			);
			outputPaths = (
			);
			runOnlyForDeploymentPostprocessing = 0;
			shellPath = /bin/sh;
			shellScript = "if [[ \"$(uname -m)\" == arm64 ]]; then\n    export PATH=\"/opt/homebrew/bin:$PATH\"\nfi\n\nif which swiftlint > /dev/null; then\n  swiftlint\nelse\n  echo \"warning: SwiftLint not installed, download from https://github.com/realm/SwiftLint\"\nfi\n";
		};
/* End PBXShellScriptBuildPhase section */

/* Begin PBXSourcesBuildPhase section */
		5443A9412AF50ED900176F6C /* Sources */ = {
			isa = PBXSourcesBuildPhase;
			buildActionMask = 2147483647;
			files = (
				546199C32B2B424500560D28 /* RegisterViewController.swift in Sources */,
				54CFA8A52B3AE32A005C4C98 /* CompletionProgressView.swift in Sources */,
				549BC4AA2AFE834A0058FA68 /* CustomTabBar.swift in Sources */,
				54C7A8E72B1F576F00B925A9 /* ProfileTableViewHeader.swift in Sources */,
				541D31342B21C9CD009D7E85 /* QuizQuestionCell.swift in Sources */,
				549BC47E2AFD31C40058FA68 /* AppColor.swift in Sources */,
				546199C82B2B42FA00560D28 /* LoginViewController.swift in Sources */,
				54584AC42B64EC6700E57219 /* NetworkReachability.swift in Sources */,
				544D46582B05288F00EB49E0 /* StorageManager.swift in Sources */,
				549BC4A82AFE830A0058FA68 /* TabItem.swift in Sources */,
				544D46562B05288300EB49E0 /* DatabaseManager.swift in Sources */,
				54584AC82B65255900E57219 /* AchievementsManager.swift in Sources */,
				54BE77A82B3D787D00800D43 /* FinishedQuizController.swift in Sources */,
				549BC4772AFCF6F30058FA68 /* LevelAccessManager.swift in Sources */,
				546199CA2B2B455400560D28 /* HomeViewViewModel.swift in Sources */,
				549BC4A62AFE82B90058FA68 /* MainTabBarViewController.swift in Sources */,
				54C7A8E92B1F59EE00B925A9 /* AchievementsViewCell.swift in Sources */,
				549BC47B2AFD2AF70058FA68 /* LetterController.swift in Sources */,
				5443A9602AF50FFA00176F6C /* StagesViewController.swift in Sources */,
				544D46512B05278600EB49E0 /* SurdoUser.swift in Sources */,
				540C7EDF2B2CC606009A1DB5 /* ProfileDataFormViewController.swift in Sources */,
				546199C12B2B413200560D28 /* OnboardingViewController.swift in Sources */,
				544D46542B05287000EB49E0 /* AuthManager.swift in Sources */,
				5443A95D2AF50FA900176F6C /* StagesViewCell.swift in Sources */,
				5498992E2B5E871B00AFB140 /* LeaderboardViewController.swift in Sources */,
				546199C62B2B42A000560D28 /* AuthenticationViewViewModel.swift in Sources */,
				549BC4822AFD32600058FA68 /* AppFont.swift in Sources */,
				549899302B5EB7C800AFB140 /* LeaderboardViewCell.swift in Sources */,
				544D465B2B066C3100EB49E0 /* ProfileDataFormViewViewModel.swift in Sources */,
				5443A9492AF50ED900176F6C /* AppDelegate.swift in Sources */,
				5443A94B2AF50ED900176F6C /* SceneDelegate.swift in Sources */,
				54584AC62B64EC9100E57219 /* PrivacyPolicyViewController.swift in Sources */,
				544D465D2B06707E00EB49E0 /* ProfileViewViewModel.swift in Sources */,
				54C7A8E02B1F55A100B925A9 /* ProfileViewController.swift in Sources */,
				541D31322B21C71C009D7E85 /* QuizViewController.swift in Sources */,
				54B7ED3B2B29E9F20064D80C /* AppConstants.swift in Sources */,
				544D46322B0221DC00EB49E0 /* StagesHeaderSectionView.swift in Sources */,
				549BC4802AFD32000058FA68 /* AppImage.swift in Sources */,
				54584AC22B64EA2100E57219 /* DownloadErrorView.swift in Sources */,
			);
			runOnlyForDeploymentPostprocessing = 0;
		};
		547FFEC92B78BBFA00A65446 /* Sources */ = {
			isa = PBXSourcesBuildPhase;
			buildActionMask = 2147483647;
			files = (
				54882E422BB16F5A00505105 /* integrationTests.swift in Sources */,
				547FFED02B78BBFA00A65446 /* surdoTests.swift in Sources */,
			);
			runOnlyForDeploymentPostprocessing = 0;
		};
/* End PBXSourcesBuildPhase section */

/* Begin PBXTargetDependency section */
		547FFED22B78BBFA00A65446 /* PBXTargetDependency */ = {
			isa = PBXTargetDependency;
			target = 5443A9442AF50ED900176F6C /* surdo */;
			targetProxy = 547FFED12B78BBFA00A65446 /* PBXContainerItemProxy */;
		};
/* End PBXTargetDependency section */

/* Begin PBXVariantGroup section */
		5443A9532AF50EDA00176F6C /* LaunchScreen.storyboard */ = {
			isa = PBXVariantGroup;
			children = (
				5443A9542AF50EDA00176F6C /* Base */,
			);
			name = LaunchScreen.storyboard;
			sourceTree = "<group>";
		};
/* End PBXVariantGroup section */

/* Begin XCBuildConfiguration section */
		5443A9572AF50EDA00176F6C /* Debug */ = {
			isa = XCBuildConfiguration;
			buildSettings = {
				ALWAYS_SEARCH_USER_PATHS = NO;
				CLANG_ANALYZER_NONNULL = YES;
				CLANG_ANALYZER_NUMBER_OBJECT_CONVERSION = YES_AGGRESSIVE;
				CLANG_CXX_LANGUAGE_STANDARD = "gnu++20";
				CLANG_ENABLE_MODULES = YES;
				CLANG_ENABLE_OBJC_ARC = YES;
				CLANG_ENABLE_OBJC_WEAK = YES;
				CLANG_WARN_BLOCK_CAPTURE_AUTORELEASING = YES;
				CLANG_WARN_BOOL_CONVERSION = YES;
				CLANG_WARN_COMMA = YES;
				CLANG_WARN_CONSTANT_CONVERSION = YES;
				CLANG_WARN_DEPRECATED_OBJC_IMPLEMENTATIONS = YES;
				CLANG_WARN_DIRECT_OBJC_ISA_USAGE = YES_ERROR;
				CLANG_WARN_DOCUMENTATION_COMMENTS = YES;
				CLANG_WARN_EMPTY_BODY = YES;
				CLANG_WARN_ENUM_CONVERSION = YES;
				CLANG_WARN_INFINITE_RECURSION = YES;
				CLANG_WARN_INT_CONVERSION = YES;
				CLANG_WARN_NON_LITERAL_NULL_CONVERSION = YES;
				CLANG_WARN_OBJC_IMPLICIT_RETAIN_SELF = YES;
				CLANG_WARN_OBJC_LITERAL_CONVERSION = YES;
				CLANG_WARN_OBJC_ROOT_CLASS = YES_ERROR;
				CLANG_WARN_QUOTED_INCLUDE_IN_FRAMEWORK_HEADER = YES;
				CLANG_WARN_RANGE_LOOP_ANALYSIS = YES;
				CLANG_WARN_STRICT_PROTOTYPES = YES;
				CLANG_WARN_SUSPICIOUS_MOVE = YES;
				CLANG_WARN_UNGUARDED_AVAILABILITY = YES_AGGRESSIVE;
				CLANG_WARN_UNREACHABLE_CODE = YES;
				CLANG_WARN__DUPLICATE_METHOD_MATCH = YES;
				COPY_PHASE_STRIP = NO;
				DEBUG_INFORMATION_FORMAT = dwarf;
				ENABLE_STRICT_OBJC_MSGSEND = YES;
				ENABLE_TESTABILITY = YES;
				GCC_C_LANGUAGE_STANDARD = gnu11;
				GCC_DYNAMIC_NO_PIC = NO;
				GCC_NO_COMMON_BLOCKS = YES;
				GCC_OPTIMIZATION_LEVEL = 0;
				GCC_PREPROCESSOR_DEFINITIONS = (
					"DEBUG=1",
					"$(inherited)",
				);
				GCC_WARN_64_TO_32_BIT_CONVERSION = YES;
				GCC_WARN_ABOUT_RETURN_TYPE = YES_ERROR;
				GCC_WARN_UNDECLARED_SELECTOR = YES;
				GCC_WARN_UNINITIALIZED_AUTOS = YES_AGGRESSIVE;
				GCC_WARN_UNUSED_FUNCTION = YES;
				GCC_WARN_UNUSED_VARIABLE = YES;
				IPHONEOS_DEPLOYMENT_TARGET = 15.0;
				MTL_ENABLE_DEBUG_INFO = INCLUDE_SOURCE;
				MTL_FAST_MATH = YES;
				ONLY_ACTIVE_ARCH = YES;
				SDKROOT = iphoneos;
				SWIFT_ACTIVE_COMPILATION_CONDITIONS = DEBUG;
				SWIFT_OPTIMIZATION_LEVEL = "-Onone";
			};
			name = Debug;
		};
		5443A9582AF50EDA00176F6C /* Release */ = {
			isa = XCBuildConfiguration;
			buildSettings = {
				ALWAYS_SEARCH_USER_PATHS = NO;
				CLANG_ANALYZER_NONNULL = YES;
				CLANG_ANALYZER_NUMBER_OBJECT_CONVERSION = YES_AGGRESSIVE;
				CLANG_CXX_LANGUAGE_STANDARD = "gnu++20";
				CLANG_ENABLE_MODULES = YES;
				CLANG_ENABLE_OBJC_ARC = YES;
				CLANG_ENABLE_OBJC_WEAK = YES;
				CLANG_WARN_BLOCK_CAPTURE_AUTORELEASING = YES;
				CLANG_WARN_BOOL_CONVERSION = YES;
				CLANG_WARN_COMMA = YES;
				CLANG_WARN_CONSTANT_CONVERSION = YES;
				CLANG_WARN_DEPRECATED_OBJC_IMPLEMENTATIONS = YES;
				CLANG_WARN_DIRECT_OBJC_ISA_USAGE = YES_ERROR;
				CLANG_WARN_DOCUMENTATION_COMMENTS = YES;
				CLANG_WARN_EMPTY_BODY = YES;
				CLANG_WARN_ENUM_CONVERSION = YES;
				CLANG_WARN_INFINITE_RECURSION = YES;
				CLANG_WARN_INT_CONVERSION = YES;
				CLANG_WARN_NON_LITERAL_NULL_CONVERSION = YES;
				CLANG_WARN_OBJC_IMPLICIT_RETAIN_SELF = YES;
				CLANG_WARN_OBJC_LITERAL_CONVERSION = YES;
				CLANG_WARN_OBJC_ROOT_CLASS = YES_ERROR;
				CLANG_WARN_QUOTED_INCLUDE_IN_FRAMEWORK_HEADER = YES;
				CLANG_WARN_RANGE_LOOP_ANALYSIS = YES;
				CLANG_WARN_STRICT_PROTOTYPES = YES;
				CLANG_WARN_SUSPICIOUS_MOVE = YES;
				CLANG_WARN_UNGUARDED_AVAILABILITY = YES_AGGRESSIVE;
				CLANG_WARN_UNREACHABLE_CODE = YES;
				CLANG_WARN__DUPLICATE_METHOD_MATCH = YES;
				COPY_PHASE_STRIP = NO;
				DEBUG_INFORMATION_FORMAT = "dwarf-with-dsym";
				ENABLE_NS_ASSERTIONS = NO;
				ENABLE_STRICT_OBJC_MSGSEND = YES;
				GCC_C_LANGUAGE_STANDARD = gnu11;
				GCC_NO_COMMON_BLOCKS = YES;
				GCC_WARN_64_TO_32_BIT_CONVERSION = YES;
				GCC_WARN_ABOUT_RETURN_TYPE = YES_ERROR;
				GCC_WARN_UNDECLARED_SELECTOR = YES;
				GCC_WARN_UNINITIALIZED_AUTOS = YES_AGGRESSIVE;
				GCC_WARN_UNUSED_FUNCTION = YES;
				GCC_WARN_UNUSED_VARIABLE = YES;
				IPHONEOS_DEPLOYMENT_TARGET = 15.0;
				MTL_ENABLE_DEBUG_INFO = NO;
				MTL_FAST_MATH = YES;
				SDKROOT = iphoneos;
				SWIFT_COMPILATION_MODE = wholemodule;
				SWIFT_OPTIMIZATION_LEVEL = "-O";
				VALIDATE_PRODUCT = YES;
			};
			name = Release;
		};
		5443A95A2AF50EDA00176F6C /* Debug */ = {
			isa = XCBuildConfiguration;
			buildSettings = {
				ASSETCATALOG_COMPILER_APPICON_NAME = AppIcon;
				ASSETCATALOG_COMPILER_GLOBAL_ACCENT_COLOR_NAME = AccentColor;
				CODE_SIGN_STYLE = Automatic;
				CURRENT_PROJECT_VERSION = 1;
				DEVELOPMENT_TEAM = G3GHD95S4N;
				GENERATE_INFOPLIST_FILE = YES;
				INFOPLIST_FILE = "surdo/App Resources/Info.plist";
				INFOPLIST_KEY_UIApplicationSupportsIndirectInputEvents = YES;
				INFOPLIST_KEY_UILaunchStoryboardName = LaunchScreen;
				INFOPLIST_KEY_UIRequiresFullScreen = YES;
				INFOPLIST_KEY_UIStatusBarStyle = "";
				INFOPLIST_KEY_UISupportedInterfaceOrientations = UIInterfaceOrientationPortrait;
				LD_RUNPATH_SEARCH_PATHS = (
					"$(inherited)",
					"@executable_path/Frameworks",
				);
				MARKETING_VERSION = 1.0;
				PRODUCT_BUNDLE_IDENTIFIER = com.rustem.surdo;
				PRODUCT_NAME = "$(TARGET_NAME)";
				SUPPORTED_PLATFORMS = "iphoneos iphonesimulator";
				SUPPORTS_MACCATALYST = NO;
				SUPPORTS_MAC_DESIGNED_FOR_IPHONE_IPAD = NO;
				SWIFT_EMIT_LOC_STRINGS = YES;
				SWIFT_VERSION = 5.0;
				TARGETED_DEVICE_FAMILY = "1,2";
			};
			name = Debug;
		};
		5443A95B2AF50EDA00176F6C /* Release */ = {
			isa = XCBuildConfiguration;
			buildSettings = {
				ASSETCATALOG_COMPILER_APPICON_NAME = AppIcon;
				ASSETCATALOG_COMPILER_GLOBAL_ACCENT_COLOR_NAME = AccentColor;
				CODE_SIGN_STYLE = Automatic;
				CURRENT_PROJECT_VERSION = 1;
				DEVELOPMENT_TEAM = G3GHD95S4N;
				GENERATE_INFOPLIST_FILE = YES;
				INFOPLIST_FILE = "surdo/App Resources/Info.plist";
				INFOPLIST_KEY_UIApplicationSupportsIndirectInputEvents = YES;
				INFOPLIST_KEY_UILaunchStoryboardName = LaunchScreen;
				INFOPLIST_KEY_UIRequiresFullScreen = YES;
				INFOPLIST_KEY_UIStatusBarStyle = "";
				INFOPLIST_KEY_UISupportedInterfaceOrientations = UIInterfaceOrientationPortrait;
				LD_RUNPATH_SEARCH_PATHS = (
					"$(inherited)",
					"@executable_path/Frameworks",
				);
				MARKETING_VERSION = 1.0;
				PRODUCT_BUNDLE_IDENTIFIER = com.rustem.surdo;
				PRODUCT_NAME = "$(TARGET_NAME)";
				SUPPORTED_PLATFORMS = "iphoneos iphonesimulator";
				SUPPORTS_MACCATALYST = NO;
				SUPPORTS_MAC_DESIGNED_FOR_IPHONE_IPAD = NO;
				SWIFT_EMIT_LOC_STRINGS = YES;
				SWIFT_VERSION = 5.0;
				TARGETED_DEVICE_FAMILY = "1,2";
			};
			name = Release;
		};
		547FFED42B78BBFA00A65446 /* Debug */ = {
			isa = XCBuildConfiguration;
			buildSettings = {
				ASSETCATALOG_COMPILER_GENERATE_SWIFT_ASSET_SYMBOL_EXTENSIONS = YES;
				BUNDLE_LOADER = "$(TEST_HOST)";
				CODE_SIGN_STYLE = Automatic;
				CURRENT_PROJECT_VERSION = 1;
				DEAD_CODE_STRIPPING = YES;
				DEVELOPMENT_TEAM = G3GHD95S4N;
				ENABLE_USER_SCRIPT_SANDBOXING = YES;
				GCC_C_LANGUAGE_STANDARD = gnu17;
				GENERATE_INFOPLIST_FILE = YES;
				IPHONEOS_DEPLOYMENT_TARGET = 17.2;
				LOCALIZATION_PREFERS_STRING_CATALOGS = YES;
				MACOSX_DEPLOYMENT_TARGET = 14.1;
				MARKETING_VERSION = 1.0;
				PRODUCT_BUNDLE_IDENTIFIER = com.rustem.surdoTests;
				PRODUCT_NAME = "$(TARGET_NAME)";
				SDKROOT = auto;
				SUPPORTED_PLATFORMS = "iphoneos iphonesimulator";
				SUPPORTS_MACCATALYST = NO;
				SWIFT_ACTIVE_COMPILATION_CONDITIONS = "DEBUG $(inherited)";
				SWIFT_EMIT_LOC_STRINGS = NO;
				SWIFT_VERSION = 5.0;
				TARGETED_DEVICE_FAMILY = 1;
				TEST_HOST = "$(BUILT_PRODUCTS_DIR)/surdo.app/$(BUNDLE_EXECUTABLE_FOLDER_PATH)/surdo";
			};
			name = Debug;
		};
		547FFED52B78BBFA00A65446 /* Release */ = {
			isa = XCBuildConfiguration;
			buildSettings = {
				ASSETCATALOG_COMPILER_GENERATE_SWIFT_ASSET_SYMBOL_EXTENSIONS = YES;
				BUNDLE_LOADER = "$(TEST_HOST)";
				CODE_SIGN_STYLE = Automatic;
				CURRENT_PROJECT_VERSION = 1;
				DEAD_CODE_STRIPPING = YES;
				DEVELOPMENT_TEAM = G3GHD95S4N;
				ENABLE_USER_SCRIPT_SANDBOXING = YES;
				GCC_C_LANGUAGE_STANDARD = gnu17;
				GENERATE_INFOPLIST_FILE = YES;
				IPHONEOS_DEPLOYMENT_TARGET = 17.2;
				LOCALIZATION_PREFERS_STRING_CATALOGS = YES;
				MACOSX_DEPLOYMENT_TARGET = 14.1;
				MARKETING_VERSION = 1.0;
				PRODUCT_BUNDLE_IDENTIFIER = com.rustem.surdoTests;
				PRODUCT_NAME = "$(TARGET_NAME)";
				SDKROOT = auto;
				SUPPORTED_PLATFORMS = "iphoneos iphonesimulator";
				SUPPORTS_MACCATALYST = NO;
				SWIFT_EMIT_LOC_STRINGS = NO;
				SWIFT_VERSION = 5.0;
				TARGETED_DEVICE_FAMILY = 1;
				TEST_HOST = "$(BUILT_PRODUCTS_DIR)/surdo.app/$(BUNDLE_EXECUTABLE_FOLDER_PATH)/surdo";
			};
			name = Release;
		};
/* End XCBuildConfiguration section */

/* Begin XCConfigurationList section */
		5443A9402AF50ED900176F6C /* Build configuration list for PBXProject "surdo" */ = {
			isa = XCConfigurationList;
			buildConfigurations = (
				5443A9572AF50EDA00176F6C /* Debug */,
				5443A9582AF50EDA00176F6C /* Release */,
			);
			defaultConfigurationIsVisible = 0;
			defaultConfigurationName = Release;
		};
		5443A9592AF50EDA00176F6C /* Build configuration list for PBXNativeTarget "surdo" */ = {
			isa = XCConfigurationList;
			buildConfigurations = (
				5443A95A2AF50EDA00176F6C /* Debug */,
				5443A95B2AF50EDA00176F6C /* Release */,
			);
			defaultConfigurationIsVisible = 0;
			defaultConfigurationName = Release;
		};
		547FFED32B78BBFA00A65446 /* Build configuration list for PBXNativeTarget "surdoTests" */ = {
			isa = XCConfigurationList;
			buildConfigurations = (
				547FFED42B78BBFA00A65446 /* Debug */,
				547FFED52B78BBFA00A65446 /* Release */,
			);
			defaultConfigurationIsVisible = 0;
			defaultConfigurationName = Release;
		};
/* End XCConfigurationList section */

/* Begin XCRemoteSwiftPackageReference section */
		544D463A2B04F0DD00EB49E0 /* XCRemoteSwiftPackageReference "firebase-ios-sdk" */ = {
			isa = XCRemoteSwiftPackageReference;
			repositoryURL = "https://github.com/firebase/firebase-ios-sdk";
			requirement = {
				kind = upToNextMajorVersion;
				minimumVersion = 10.0.0;
			};
		};
		549BC4732AFA96220058FA68 /* XCRemoteSwiftPackageReference "SnapKit" */ = {
			isa = XCRemoteSwiftPackageReference;
			repositoryURL = "https://github.com/SnapKit/SnapKit.git";
			requirement = {
				kind = upToNextMajorVersion;
				minimumVersion = 5.0.0;
			};
		};
		54BE77A42B3D781300800D43 /* XCRemoteSwiftPackageReference "PanModal" */ = {
			isa = XCRemoteSwiftPackageReference;
			repositoryURL = "https://github.com/slackhq/PanModal";
			requirement = {
				kind = upToNextMajorVersion;
				minimumVersion = 1.2.7;
			};
		};
		54C7A8E12B1F568F00B925A9 /* XCRemoteSwiftPackageReference "SDWebImage" */ = {
			isa = XCRemoteSwiftPackageReference;
			repositoryURL = "https://github.com/SDWebImage/SDWebImage.git";
			requirement = {
				kind = upToNextMajorVersion;
				minimumVersion = 5.18.6;
			};
		};
/* End XCRemoteSwiftPackageReference section */

/* Begin XCSwiftPackageProductDependency section */
		544D463B2B04F0DD00EB49E0 /* FirebaseAuth */ = {
			isa = XCSwiftPackageProductDependency;
			package = 544D463A2B04F0DD00EB49E0 /* XCRemoteSwiftPackageReference "firebase-ios-sdk" */;
			productName = FirebaseAuth;
		};
		544D463D2B04F0DD00EB49E0 /* FirebaseAuthCombine-Community */ = {
			isa = XCSwiftPackageProductDependency;
			package = 544D463A2B04F0DD00EB49E0 /* XCRemoteSwiftPackageReference "firebase-ios-sdk" */;
			productName = "FirebaseAuthCombine-Community";
		};
		544D463F2B04F0DD00EB49E0 /* FirebaseDatabase */ = {
			isa = XCSwiftPackageProductDependency;
			package = 544D463A2B04F0DD00EB49E0 /* XCRemoteSwiftPackageReference "firebase-ios-sdk" */;
			productName = FirebaseDatabase;
		};
		544D46412B04F0DD00EB49E0 /* FirebaseDatabaseSwift */ = {
			isa = XCSwiftPackageProductDependency;
			package = 544D463A2B04F0DD00EB49E0 /* XCRemoteSwiftPackageReference "firebase-ios-sdk" */;
			productName = FirebaseDatabaseSwift;
		};
		544D46432B04F0DD00EB49E0 /* FirebaseFirestore */ = {
			isa = XCSwiftPackageProductDependency;
			package = 544D463A2B04F0DD00EB49E0 /* XCRemoteSwiftPackageReference "firebase-ios-sdk" */;
			productName = FirebaseFirestore;
		};
		544D46452B04F0DD00EB49E0 /* FirebaseFirestoreCombine-Community */ = {
			isa = XCSwiftPackageProductDependency;
			package = 544D463A2B04F0DD00EB49E0 /* XCRemoteSwiftPackageReference "firebase-ios-sdk" */;
			productName = "FirebaseFirestoreCombine-Community";
		};
		544D46472B04F0DD00EB49E0 /* FirebaseFirestoreSwift */ = {
			isa = XCSwiftPackageProductDependency;
			package = 544D463A2B04F0DD00EB49E0 /* XCRemoteSwiftPackageReference "firebase-ios-sdk" */;
			productName = FirebaseFirestoreSwift;
		};
		544D46492B04F0DD00EB49E0 /* FirebaseStorage */ = {
			isa = XCSwiftPackageProductDependency;
			package = 544D463A2B04F0DD00EB49E0 /* XCRemoteSwiftPackageReference "firebase-ios-sdk" */;
			productName = FirebaseStorage;
		};
		544D464B2B04F0DD00EB49E0 /* FirebaseStorageCombine-Community */ = {
			isa = XCSwiftPackageProductDependency;
			package = 544D463A2B04F0DD00EB49E0 /* XCRemoteSwiftPackageReference "firebase-ios-sdk" */;
			productName = "FirebaseStorageCombine-Community";
		};
		549BC4742AFA96220058FA68 /* SnapKit */ = {
			isa = XCSwiftPackageProductDependency;
			package = 549BC4732AFA96220058FA68 /* XCRemoteSwiftPackageReference "SnapKit" */;
			productName = SnapKit;
		};
		54BE77A52B3D781300800D43 /* PanModal */ = {
			isa = XCSwiftPackageProductDependency;
			package = 54BE77A42B3D781300800D43 /* XCRemoteSwiftPackageReference "PanModal" */;
			productName = PanModal;
		};
		54C7A8E22B1F568F00B925A9 /* SDWebImage */ = {
			isa = XCSwiftPackageProductDependency;
			package = 54C7A8E12B1F568F00B925A9 /* XCRemoteSwiftPackageReference "SDWebImage" */;
			productName = SDWebImage;
		};
		54C7A8E42B1F568F00B925A9 /* SDWebImageMapKit */ = {
			isa = XCSwiftPackageProductDependency;
			package = 54C7A8E12B1F568F00B925A9 /* XCRemoteSwiftPackageReference "SDWebImage" */;
			productName = SDWebImageMapKit;
		};
/* End XCSwiftPackageProductDependency section */
	};
	rootObject = 5443A93D2AF50ED900176F6C /* Project object */;
}
